
Microsoft Visual Studio Solution File, Format Version 12.00
# Visual Studio Version 17
VisualStudioVersion = 17.3.32825.248
MinimumVisualStudioVersion = 10.0.40219.1
Project("{FAE04EC0-301F-11D3-BF4B-00C04F79EFBC}") = "Lab3_ab", "Lab3_ab\Lab3_ab.csproj", "{2D780FD9-884F-4991-A61D-B124B8D77ECC}"
EndProject
Global
	GlobalSection(SolutionConfigurationPlatforms) = preSolution
		Debug|Any CPU = Debug|Any CPU
		Release|Any CPU = Release|Any CPU
	EndGlobalSection
	GlobalSection(ProjectConfigurationPlatforms) = postSolution
		{2D780FD9-884F-4991-A61D-B124B8D77ECC}.Debug|Any CPU.ActiveCfg = Debug|Any CPU
		{2D780FD9-884F-4991-A61D-B124B8D77ECC}.Debug|Any CPU.Build.0 = Debug|Any CPU
		{2D780FD9-884F-4991-A61D-B124B8D77ECC}.Release|Any CPU.ActiveCfg = Release|Any CPU
		{2D780FD9-884F-4991-A61D-B124B8D77ECC}.Release|Any CPU.Build.0 = Release|Any CPU
	EndGlobalSection
	GlobalSection(SolutionProperties) = preSolution
		HideSolutionNode = FALSE
	EndGlobalSection
	GlobalSection(ExtensibilityGlobals) = postSolution
		SolutionGuid = {891E729F-48AA-4356-AECE-62E2A27D3296}
	EndGlobalSection
EndGlobal
